
Microsoft Visual Studio Solution File, Format Version 12.00
# Visual Studio Version 17
VisualStudioVersion = 17.6.33829.357
MinimumVisualStudioVersion = 10.0.40219.1
Project("{FAE04EC0-301F-11D3-BF4B-00C04F79EFBC}") = "Threading DivideAndConquerExamplePart1", "Threading DivideAndConquerExamplePart1\Threading DivideAndConquerExamplePart1.csproj", "{46A51F9D-EA1E-4E28-903A-A1510CE3E937}"
EndProject
Global
	GlobalSection(SolutionConfigurationPlatforms) = preSolution
		Debug|Any CPU = Debug|Any CPU
		Release|Any CPU = Release|Any CPU
	EndGlobalSection
	GlobalSection(ProjectConfigurationPlatforms) = postSolution
		{46A51F9D-EA1E-4E28-903A-A1510CE3E937}.Debug|Any CPU.ActiveCfg = Debug|Any CPU
		{46A51F9D-EA1E-4E28-903A-A1510CE3E937}.Debug|Any CPU.Build.0 = Debug|Any CPU
		{46A51F9D-EA1E-4E28-903A-A1510CE3E937}.Release|Any CPU.ActiveCfg = Release|Any CPU
		{46A51F9D-EA1E-4E28-903A-A1510CE3E937}.Release|Any CPU.Build.0 = Release|Any CPU
	EndGlobalSection
	GlobalSection(SolutionProperties) = preSolution
		HideSolutionNode = FALSE
	EndGlobalSection
	GlobalSection(ExtensibilityGlobals) = postSolution
		SolutionGuid = {E2944BA2-D70E-48A3-A239-D09F73049710}
	EndGlobalSection
EndGlobal
